// !$*UTF8*$!
{
	archiveVersion = 1;
	classes = {
	};
	objectVersion = 50;
	objects = {

/* Begin PBXBuildFile section */
		0F12BD5420FF7E6700DEE097 /* AppDelegate.swift in Sources */ = {isa = PBXBuildFile; fileRef = 0F12BD5320FF7E6700DEE097 /* AppDelegate.swift */; };
		0F12BD5B20FF7E6800DEE097 /* Assets.xcassets in Resources */ = {isa = PBXBuildFile; fileRef = 0F12BD5A20FF7E6800DEE097 /* Assets.xcassets */; };
		0F12BD5E20FF7E6800DEE097 /* LaunchScreen.storyboard in Resources */ = {isa = PBXBuildFile; fileRef = 0F12BD5C20FF7E6800DEE097 /* LaunchScreen.storyboard */; };
		0F12BD6620FF7E8C00DEE097 /* APIService.swift in Sources */ = {isa = PBXBuildFile; fileRef = 0F12BD6520FF7E8C00DEE097 /* APIService.swift */; };
		0F12BD6920FF7EB500DEE097 /* F2FConstants.swift in Sources */ = {isa = PBXBuildFile; fileRef = 0F12BD6820FF7EB500DEE097 /* F2FConstants.swift */; };
		0F12BD6C20FF81F500DEE097 /* F2FAPIPayload.swift in Sources */ = {isa = PBXBuildFile; fileRef = 0F12BD6B20FF81F500DEE097 /* F2FAPIPayload.swift */; };
		0F12BD6E20FF823E00DEE097 /* Recipe.swift in Sources */ = {isa = PBXBuildFile; fileRef = 0F12BD6D20FF823E00DEE097 /* Recipe.swift */; };
		0F12BD7120FF82C200DEE097 /* NetworkingErrors.swift in Sources */ = {isa = PBXBuildFile; fileRef = 0F12BD7020FF82C200DEE097 /* NetworkingErrors.swift */; };
		0F12BD7320FF863F00DEE097 /* F2FViewController.swift in Sources */ = {isa = PBXBuildFile; fileRef = 0F12BD7220FF863F00DEE097 /* F2FViewController.swift */; };
		0F12BD7820FF8ACE00DEE097 /* FoodCollectionViewCell.swift in Sources */ = {isa = PBXBuildFile; fileRef = 0F12BD7720FF8ACE00DEE097 /* FoodCollectionViewCell.swift */; };
		0FBC2A4520FFA40E003F04F6 /* TitleView.swift in Sources */ = {isa = PBXBuildFile; fileRef = 0FBC2A4420FFA40E003F04F6 /* TitleView.swift */; };
		0FBC2A4B20FFC4CC003F04F6 /* EndPointType.swift in Sources */ = {isa = PBXBuildFile; fileRef = 0FBC2A4A20FFC4CC003F04F6 /* EndPointType.swift */; };
		0FBC2A4E20FFCAEA003F04F6 /* SearchEndPoint.swift in Sources */ = {isa = PBXBuildFile; fileRef = 0FBC2A4D20FFCAEA003F04F6 /* SearchEndPoint.swift */; };
		0FCEF10720FF8E5C00908C37 /* PhotoStore.swift in Sources */ = {isa = PBXBuildFile; fileRef = 0FCEF10620FF8E5C00908C37 /* PhotoStore.swift */; };
		0FCEF10920FF8F0300908C37 /* PhotoStoreErrors.swift in Sources */ = {isa = PBXBuildFile; fileRef = 0FCEF10820FF8F0300908C37 /* PhotoStoreErrors.swift */; };
/* End PBXBuildFile section */

/* Begin PBXFileReference section */
		0F12BD5020FF7E6700DEE097 /* Food2Fork.app */ = {isa = PBXFileReference; explicitFileType = wrapper.application; includeInIndex = 0; path = Food2Fork.app; sourceTree = BUILT_PRODUCTS_DIR; };
		0F12BD5320FF7E6700DEE097 /* AppDelegate.swift */ = {isa = PBXFileReference; lastKnownFileType = sourcecode.swift; path = AppDelegate.swift; sourceTree = "<group>"; };
		0F12BD5A20FF7E6800DEE097 /* Assets.xcassets */ = {isa = PBXFileReference; lastKnownFileType = folder.assetcatalog; path = Assets.xcassets; sourceTree = "<group>"; };
		0F12BD5D20FF7E6800DEE097 /* Base */ = {isa = PBXFileReference; lastKnownFileType = file.storyboard; name = Base; path = Base.lproj/LaunchScreen.storyboard; sourceTree = "<group>"; };
		0F12BD5F20FF7E6800DEE097 /* Info.plist */ = {isa = PBXFileReference; lastKnownFileType = text.plist.xml; path = Info.plist; sourceTree = "<group>"; };
		0F12BD6520FF7E8C00DEE097 /* APIService.swift */ = {isa = PBXFileReference; lastKnownFileType = sourcecode.swift; path = APIService.swift; sourceTree = "<group>"; };
		0F12BD6820FF7EB500DEE097 /* F2FConstants.swift */ = {isa = PBXFileReference; lastKnownFileType = sourcecode.swift; path = F2FConstants.swift; sourceTree = "<group>"; };
		0F12BD6B20FF81F500DEE097 /* F2FAPIPayload.swift */ = {isa = PBXFileReference; lastKnownFileType = sourcecode.swift; path = F2FAPIPayload.swift; sourceTree = "<group>"; };
		0F12BD6D20FF823E00DEE097 /* Recipe.swift */ = {isa = PBXFileReference; lastKnownFileType = sourcecode.swift; path = Recipe.swift; sourceTree = "<group>"; };
		0F12BD7020FF82C200DEE097 /* NetworkingErrors.swift */ = {isa = PBXFileReference; lastKnownFileType = sourcecode.swift; path = NetworkingErrors.swift; sourceTree = "<group>"; };
		0F12BD7220FF863F00DEE097 /* F2FViewController.swift */ = {isa = PBXFileReference; lastKnownFileType = sourcecode.swift; path = F2FViewController.swift; sourceTree = "<group>"; };
		0F12BD7720FF8ACE00DEE097 /* FoodCollectionViewCell.swift */ = {isa = PBXFileReference; lastKnownFileType = sourcecode.swift; path = FoodCollectionViewCell.swift; sourceTree = "<group>"; };
		0FBC2A4420FFA40E003F04F6 /* TitleView.swift */ = {isa = PBXFileReference; lastKnownFileType = sourcecode.swift; path = TitleView.swift; sourceTree = "<group>"; };
		0FBC2A4A20FFC4CC003F04F6 /* EndPointType.swift */ = {isa = PBXFileReference; lastKnownFileType = sourcecode.swift; path = EndPointType.swift; sourceTree = "<group>"; };
		0FBC2A4D20FFCAEA003F04F6 /* SearchEndPoint.swift */ = {isa = PBXFileReference; lastKnownFileType = sourcecode.swift; path = SearchEndPoint.swift; sourceTree = "<group>"; };
		0FCEF10620FF8E5C00908C37 /* PhotoStore.swift */ = {isa = PBXFileReference; lastKnownFileType = sourcecode.swift; path = PhotoStore.swift; sourceTree = "<group>"; };
		0FCEF10820FF8F0300908C37 /* PhotoStoreErrors.swift */ = {isa = PBXFileReference; lastKnownFileType = sourcecode.swift; path = PhotoStoreErrors.swift; sourceTree = "<group>"; };
/* End PBXFileReference section */

/* Begin PBXFrameworksBuildPhase section */
		0F12BD4D20FF7E6700DEE097 /* Frameworks */ = {
			isa = PBXFrameworksBuildPhase;
			buildActionMask = 2147483647;
			files = (
			);
			runOnlyForDeploymentPostprocessing = 0;
		};
/* End PBXFrameworksBuildPhase section */

/* Begin PBXGroup section */
		0F12BD4720FF7E6700DEE097 = {
			isa = PBXGroup;
			children = (
				0F12BD5220FF7E6700DEE097 /* Food2Fork */,
				0F12BD5120FF7E6700DEE097 /* Products */,
			);
			sourceTree = "<group>";
		};
		0F12BD5120FF7E6700DEE097 /* Products */ = {
			isa = PBXGroup;
			children = (
				0F12BD5020FF7E6700DEE097 /* Food2Fork.app */,
			);
			name = Products;
			sourceTree = "<group>";
		};
		0F12BD5220FF7E6700DEE097 /* Food2Fork */ = {
			isa = PBXGroup;
			children = (
				0F12BD6A20FF81D500DEE097 /* Models */,
				0F12BD7620FF8AB300DEE097 /* Views */,
				0F12BD7420FF865200DEE097 /* ViewController */,
				0F12BD6720FF7E9600DEE097 /* Networking */,
				0F12BD5320FF7E6700DEE097 /* AppDelegate.swift */,
				0F12BD5A20FF7E6800DEE097 /* Assets.xcassets */,
				0F12BD5C20FF7E6800DEE097 /* LaunchScreen.storyboard */,
				0F12BD5F20FF7E6800DEE097 /* Info.plist */,
			);
			path = Food2Fork;
			sourceTree = "<group>";
		};
		0F12BD6720FF7E9600DEE097 /* Networking */ = {
			isa = PBXGroup;
			children = (
				0FBC2A4920FFC4B9003F04F6 /* EndPoints */,
				0FBC2A4720FFB47B003F04F6 /* Constants */,
				0FBC2A4620FFB3CF003F04F6 /* Networking Errors */,
				0F12BD7520FF877300DEE097 /* APIServices */,
			);
			path = Networking;
			sourceTree = "<group>";
		};
		0F12BD6A20FF81D500DEE097 /* Models */ = {
			isa = PBXGroup;
			children = (
				0FBC2A4820FFC499003F04F6 /* API Data Model */,
				0FCEF10520FF8E4700908C37 /* Photo Store */,
			);
			path = Models;
			sourceTree = "<group>";
		};
		0F12BD7420FF865200DEE097 /* ViewController */ = {
			isa = PBXGroup;
			children = (
				0F12BD7220FF863F00DEE097 /* F2FViewController.swift */,
			);
			path = ViewController;
			sourceTree = "<group>";
		};
		0F12BD7520FF877300DEE097 /* APIServices */ = {
			isa = PBXGroup;
			children = (
				0F12BD6520FF7E8C00DEE097 /* APIService.swift */,
			);
			path = APIServices;
			sourceTree = "<group>";
		};
		0F12BD7620FF8AB300DEE097 /* Views */ = {
			isa = PBXGroup;
			children = (
				0F12BD7720FF8ACE00DEE097 /* FoodCollectionViewCell.swift */,
				0FBC2A4420FFA40E003F04F6 /* TitleView.swift */,
			);
			path = Views;
			sourceTree = "<group>";
		};
		0FBC2A4620FFB3CF003F04F6 /* Networking Errors */ = {
			isa = PBXGroup;
			children = (
				0F12BD7020FF82C200DEE097 /* NetworkingErrors.swift */,
			);
			path = "Networking Errors";
			sourceTree = "<group>";
		};
		0FBC2A4720FFB47B003F04F6 /* Constants */ = {
			isa = PBXGroup;
			children = (
				0F12BD6820FF7EB500DEE097 /* F2FConstants.swift */,
			);
			path = Constants;
			sourceTree = "<group>";
		};
		0FBC2A4820FFC499003F04F6 /* API Data Model */ = {
			isa = PBXGroup;
			children = (
				0F12BD6B20FF81F500DEE097 /* F2FAPIPayload.swift */,
				0F12BD6D20FF823E00DEE097 /* Recipe.swift */,
			);
			path = "API Data Model";
			sourceTree = "<group>";
		};
		0FBC2A4920FFC4B9003F04F6 /* EndPoints */ = {
			isa = PBXGroup;
			children = (
				0FBC2A4A20FFC4CC003F04F6 /* EndPointType.swift */,
				0FBC2A4D20FFCAEA003F04F6 /* SearchEndPoint.swift */,
			);
			path = EndPoints;
			sourceTree = "<group>";
		};
		0FCEF10520FF8E4700908C37 /* Photo Store */ = {
			isa = PBXGroup;
			children = (
				0FCEF10820FF8F0300908C37 /* PhotoStoreErrors.swift */,
				0FCEF10620FF8E5C00908C37 /* PhotoStore.swift */,
			);
			path = "Photo Store";
			sourceTree = "<group>";
		};
/* End PBXGroup section */

/* Begin PBXNativeTarget section */
		0F12BD4F20FF7E6700DEE097 /* Food2Fork */ = {
			isa = PBXNativeTarget;
			buildConfigurationList = 0F12BD6220FF7E6800DEE097 /* Build configuration list for PBXNativeTarget "Food2Fork" */;
			buildPhases = (
				0F12BD4C20FF7E6700DEE097 /* Sources */,
				0F12BD4D20FF7E6700DEE097 /* Frameworks */,
				0F12BD4E20FF7E6700DEE097 /* Resources */,
			);
			buildRules = (
			);
			dependencies = (
			);
			name = Food2Fork;
			productName = Food2Fork;
			productReference = 0F12BD5020FF7E6700DEE097 /* Food2Fork.app */;
			productType = "com.apple.product-type.application";
		};
/* End PBXNativeTarget section */

/* Begin PBXProject section */
		0F12BD4820FF7E6700DEE097 /* Project object */ = {
			isa = PBXProject;
			attributes = {
				LastSwiftUpdateCheck = 0930;
				LastUpgradeCheck = 0930;
				ORGANIZATIONNAME = "Sami Taha";
				TargetAttributes = {
					0F12BD4F20FF7E6700DEE097 = {
						CreatedOnToolsVersion = 9.3;
					};
				};
			};
			buildConfigurationList = 0F12BD4B20FF7E6700DEE097 /* Build configuration list for PBXProject "Food2Fork" */;
			compatibilityVersion = "Xcode 9.3";
			developmentRegion = en;
			hasScannedForEncodings = 0;
			knownRegions = (
				en,
				Base,
			);
			mainGroup = 0F12BD4720FF7E6700DEE097;
			productRefGroup = 0F12BD5120FF7E6700DEE097 /* Products */;
			projectDirPath = "";
			projectRoot = "";
			targets = (
				0F12BD4F20FF7E6700DEE097 /* Food2Fork */,
			);
		};
/* End PBXProject section */

/* Begin PBXResourcesBuildPhase section */
		0F12BD4E20FF7E6700DEE097 /* Resources */ = {
			isa = PBXResourcesBuildPhase;
			buildActionMask = 2147483647;
			files = (
				0F12BD5E20FF7E6800DEE097 /* LaunchScreen.storyboard in Resources */,
				0F12BD5B20FF7E6800DEE097 /* Assets.xcassets in Resources */,
			);
			runOnlyForDeploymentPostprocessing = 0;
		};
/* End PBXResourcesBuildPhase section */

/* Begin PBXSourcesBuildPhase section */
		0F12BD4C20FF7E6700DEE097 /* Sources */ = {
			isa = PBXSourcesBuildPhase;
			buildActionMask = 2147483647;
			files = (
				0FCEF10720FF8E5C00908C37 /* PhotoStore.swift in Sources */,
				0F12BD6920FF7EB500DEE097 /* F2FConstants.swift in Sources */,
				0F12BD6620FF7E8C00DEE097 /* APIService.swift in Sources */,
				0F12BD7120FF82C200DEE097 /* NetworkingErrors.swift in Sources */,
				0F12BD6E20FF823E00DEE097 /* Recipe.swift in Sources */,
				0F12BD5420FF7E6700DEE097 /* AppDelegate.swift in Sources */,
				0FCEF10920FF8F0300908C37 /* PhotoStoreErrors.swift in Sources */,
				0F12BD6C20FF81F500DEE097 /* F2FAPIPayload.swift in Sources */,
				0FBC2A4B20FFC4CC003F04F6 /* EndPointType.swift in Sources */,
				0F12BD7820FF8ACE00DEE097 /* FoodCollectionViewCell.swift in Sources */,
				0F12BD7320FF863F00DEE097 /* F2FViewController.swift in Sources */,
				0FBC2A4520FFA40E003F04F6 /* TitleView.swift in Sources */,
				0FBC2A4E20FFCAEA003F04F6 /* SearchEndPoint.swift in Sources */,
			);
			runOnlyForDeploymentPostprocessing = 0;
		};
/* End PBXSourcesBuildPhase section */

/* Begin PBXVariantGroup section */
		0F12BD5C20FF7E6800DEE097 /* LaunchScreen.storyboard */ = {
			isa = PBXVariantGroup;
			children = (
				0F12BD5D20FF7E6800DEE097 /* Base */,
			);
			name = LaunchScreen.storyboard;
			sourceTree = "<group>";
		};
/* End PBXVariantGroup section */

/* Begin XCBuildConfiguration section */
		0F12BD6020FF7E6800DEE097 /* Debug */ = {
			isa = XCBuildConfiguration;
			buildSettings = {
				ALWAYS_SEARCH_USER_PATHS = NO;
				CLANG_ANALYZER_NONNULL = YES;
				CLANG_ANALYZER_NUMBER_OBJECT_CONVERSION = YES_AGGRESSIVE;
				CLANG_CXX_LANGUAGE_STANDARD = "gnu++14";
				CLANG_CXX_LIBRARY = "libc++";
				CLANG_ENABLE_MODULES = YES;
				CLANG_ENABLE_OBJC_ARC = YES;
				CLANG_ENABLE_OBJC_WEAK = YES;
				CLANG_WARN_BLOCK_CAPTURE_AUTORELEASING = YES;
				CLANG_WARN_BOOL_CONVERSION = YES;
				CLANG_WARN_COMMA = YES;
				CLANG_WARN_CONSTANT_CONVERSION = YES;
				CLANG_WARN_DEPRECATED_OBJC_IMPLEMENTATIONS = YES;
				CLANG_WARN_DIRECT_OBJC_ISA_USAGE = YES_ERROR;
				CLANG_WARN_DOCUMENTATION_COMMENTS = YES;
				CLANG_WARN_EMPTY_BODY = YES;
				CLANG_WARN_ENUM_CONVERSION = YES;
				CLANG_WARN_INFINITE_RECURSION = YES;
				CLANG_WARN_INT_CONVERSION = YES;
				CLANG_WARN_NON_LITERAL_NULL_CONVERSION = YES;
				CLANG_WARN_OBJC_IMPLICIT_RETAIN_SELF = YES;
				CLANG_WARN_OBJC_LITERAL_CONVERSION = YES;
				CLANG_WARN_OBJC_ROOT_CLASS = YES_ERROR;
				CLANG_WARN_RANGE_LOOP_ANALYSIS = YES;
				CLANG_WARN_STRICT_PROTOTYPES = YES;
				CLANG_WARN_SUSPICIOUS_MOVE = YES;
				CLANG_WARN_UNGUARDED_AVAILABILITY = YES_AGGRESSIVE;
				CLANG_WARN_UNREACHABLE_CODE = YES;
				CLANG_WARN__DUPLICATE_METHOD_MATCH = YES;
				CODE_SIGN_IDENTITY = "iPhone Developer";
				COPY_PHASE_STRIP = NO;
				DEBUG_INFORMATION_FORMAT = dwarf;
				ENABLE_STRICT_OBJC_MSGSEND = YES;
				ENABLE_TESTABILITY = YES;
				GCC_C_LANGUAGE_STANDARD = gnu11;
				GCC_DYNAMIC_NO_PIC = NO;
				GCC_NO_COMMON_BLOCKS = YES;
				GCC_OPTIMIZATION_LEVEL = 0;
				GCC_PREPROCESSOR_DEFINITIONS = (
					"DEBUG=1",
					"$(inherited)",
				);
				GCC_WARN_64_TO_32_BIT_CONVERSION = YES;
				GCC_WARN_ABOUT_RETURN_TYPE = YES_ERROR;
				GCC_WARN_UNDECLARED_SELECTOR = YES;
				GCC_WARN_UNINITIALIZED_AUTOS = YES_AGGRESSIVE;
				GCC_WARN_UNUSED_FUNCTION = YES;
				GCC_WARN_UNUSED_VARIABLE = YES;
				IPHONEOS_DEPLOYMENT_TARGET = 11.3;
				MTL_ENABLE_DEBUG_INFO = YES;
				ONLY_ACTIVE_ARCH = YES;
				SDKROOT = iphoneos;
				SWIFT_ACTIVE_COMPILATION_CONDITIONS = DEBUG;
				SWIFT_OPTIMIZATION_LEVEL = "-Onone";
			};
			name = Debug;
		};
		0F12BD6120FF7E6800DEE097 /* Release */ = {
			isa = XCBuildConfiguration;
			buildSettings = {
				ALWAYS_SEARCH_USER_PATHS = NO;
				CLANG_ANALYZER_NONNULL = YES;
				CLANG_ANALYZER_NUMBER_OBJECT_CONVERSION = YES_AGGRESSIVE;
				CLANG_CXX_LANGUAGE_STANDARD = "gnu++14";
				CLANG_CXX_LIBRARY = "libc++";
				CLANG_ENABLE_MODULES = YES;
				CLANG_ENABLE_OBJC_ARC = YES;
				CLANG_ENABLE_OBJC_WEAK = YES;
				CLANG_WARN_BLOCK_CAPTURE_AUTORELEASING = YES;
				CLANG_WARN_BOOL_CONVERSION = YES;
				CLANG_WARN_COMMA = YES;
				CLANG_WARN_CONSTANT_CONVERSION = YES;
				CLANG_WARN_DEPRECATED_OBJC_IMPLEMENTATIONS = YES;
				CLANG_WARN_DIRECT_OBJC_ISA_USAGE = YES_ERROR;
				CLANG_WARN_DOCUMENTATION_COMMENTS = YES;
				CLANG_WARN_EMPTY_BODY = YES;
				CLANG_WARN_ENUM_CONVERSION = YES;
				CLANG_WARN_INFINITE_RECURSION = YES;
				CLANG_WARN_INT_CONVERSION = YES;
				CLANG_WARN_NON_LITERAL_NULL_CONVERSION = YES;
				CLANG_WARN_OBJC_IMPLICIT_RETAIN_SELF = YES;
				CLANG_WARN_OBJC_LITERAL_CONVERSION = YES;
				CLANG_WARN_OBJC_ROOT_CLASS = YES_ERROR;
				CLANG_WARN_RANGE_LOOP_ANALYSIS = YES;
				CLANG_WARN_STRICT_PROTOTYPES = YES;
				CLANG_WARN_SUSPICIOUS_MOVE = YES;
				CLANG_WARN_UNGUARDED_AVAILABILITY = YES_AGGRESSIVE;
				CLANG_WARN_UNREACHABLE_CODE = YES;
				CLANG_WARN__DUPLICATE_METHOD_MATCH = YES;
				CODE_SIGN_IDENTITY = "iPhone Developer";
				COPY_PHASE_STRIP = NO;
				DEBUG_INFORMATION_FORMAT = "dwarf-with-dsym";
				ENABLE_NS_ASSERTIONS = NO;
				ENABLE_STRICT_OBJC_MSGSEND = YES;
				GCC_C_LANGUAGE_STANDARD = gnu11;
				GCC_NO_COMMON_BLOCKS = YES;
				GCC_WARN_64_TO_32_BIT_CONVERSION = YES;
				GCC_WARN_ABOUT_RETURN_TYPE = YES_ERROR;
				GCC_WARN_UNDECLARED_SELECTOR = YES;
				GCC_WARN_UNINITIALIZED_AUTOS = YES_AGGRESSIVE;
				GCC_WARN_UNUSED_FUNCTION = YES;
				GCC_WARN_UNUSED_VARIABLE = YES;
				IPHONEOS_DEPLOYMENT_TARGET = 11.3;
				MTL_ENABLE_DEBUG_INFO = NO;
				SDKROOT = iphoneos;
				SWIFT_COMPILATION_MODE = wholemodule;
				SWIFT_OPTIMIZATION_LEVEL = "-O";
				VALIDATE_PRODUCT = YES;
			};
			name = Release;
		};
		0F12BD6320FF7E6800DEE097 /* Debug */ = {
			isa = XCBuildConfiguration;
			buildSettings = {
				ASSETCATALOG_COMPILER_APPICON_NAME = AppIcon;
				CODE_SIGN_STYLE = Automatic;
				DEVELOPMENT_TEAM = V7DE4M4AKF;
				INFOPLIST_FILE = Food2Fork/Info.plist;
				LD_RUNPATH_SEARCH_PATHS = (
					"$(inherited)",
					"@executable_path/Frameworks",
				);
				PRODUCT_BUNDLE_IDENTIFIER = taha.sami.Food2Fork;
				PRODUCT_NAME = "$(TARGET_NAME)";
				SWIFT_VERSION = 4.0;
				TARGETED_DEVICE_FAMILY = "1,2";
			};
			name = Debug;
		};
		0F12BD6420FF7E6800DEE097 /* Release */ = {
			isa = XCBuildConfiguration;
			buildSettings = {
				ASSETCATALOG_COMPILER_APPICON_NAME = AppIcon;
				CODE_SIGN_STYLE = Automatic;
				DEVELOPMENT_TEAM = V7DE4M4AKF;
				INFOPLIST_FILE = Food2Fork/Info.plist;
				LD_RUNPATH_SEARCH_PATHS = (
					"$(inherited)",
					"@executable_path/Frameworks",
				);
				PRODUCT_BUNDLE_IDENTIFIER = taha.sami.Food2Fork;
				PRODUCT_NAME = "$(TARGET_NAME)";
				SWIFT_VERSION = 4.0;
				TARGETED_DEVICE_FAMILY = "1,2";
			};
			name = Release;
		};
/* End XCBuildConfiguration section */

/* Begin XCConfigurationList section */
		0F12BD4B20FF7E6700DEE097 /* Build configuration list for PBXProject "Food2Fork" */ = {
			isa = XCConfigurationList;
			buildConfigurations = (
				0F12BD6020FF7E6800DEE097 /* Debug */,
				0F12BD6120FF7E6800DEE097 /* Release */,
			);
			defaultConfigurationIsVisible = 0;
			defaultConfigurationName = Release;
		};
		0F12BD6220FF7E6800DEE097 /* Build configuration list for PBXNativeTarget "Food2Fork" */ = {
			isa = XCConfigurationList;
			buildConfigurations = (
				0F12BD6320FF7E6800DEE097 /* Debug */,
				0F12BD6420FF7E6800DEE097 /* Release */,
			);
			defaultConfigurationIsVisible = 0;
			defaultConfigurationName = Release;
		};
/* End XCConfigurationList section */
	};
	rootObject = 0F12BD4820FF7E6700DEE097 /* Project object */;
}
